
Microsoft Visual Studio Solution File, Format Version 12.00
# Visual Studio Version 17
VisualStudioVersion = 17.6.33829.357
MinimumVisualStudioVersion = 10.0.40219.1
Project("{888888A0-9F3D-457C-B088-3A5042F75D52}") = "desafio", "desafio\desafio.pyproj", "{60CE7F0D-8028-488B-8A40-B41A7C00565A}"
EndProject
Global
	GlobalSection(SolutionConfigurationPlatforms) = preSolution
		Debug|Any CPU = Debug|Any CPU
		Release|Any CPU = Release|Any CPU
	EndGlobalSection
	GlobalSection(ProjectConfigurationPlatforms) = postSolution
		{60CE7F0D-8028-488B-8A40-B41A7C00565A}.Debug|Any CPU.ActiveCfg = Debug|Any CPU
		{60CE7F0D-8028-488B-8A40-B41A7C00565A}.Release|Any CPU.ActiveCfg = Release|Any CPU
	EndGlobalSection
	GlobalSection(SolutionProperties) = preSolution
		HideSolutionNode = FALSE
	EndGlobalSection
	GlobalSection(ExtensibilityGlobals) = postSolution
		SolutionGuid = {A1DE3779-F15A-4723-BF53-187545104D05}
	EndGlobalSection
EndGlobal
