
Microsoft Visual Studio Solution File, Format Version 12.00
# Visual Studio Version 16
VisualStudioVersion = 16.0.31025.194
MinimumVisualStudioVersion = 10.0.40219.1
Project("{FAE04EC0-301F-11D3-BF4B-00C04F79EFBC}") = "Leo.Bank", "Leo.Bank.csproj", "{A3E0A179-2D81-4CD7-9A98-DF2E8CF16BB3}"
EndProject
Global
	GlobalSection(SolutionConfigurationPlatforms) = preSolution
		Debug|Any CPU = Debug|Any CPU
		Release|Any CPU = Release|Any CPU
	EndGlobalSection
	GlobalSection(ProjectConfigurationPlatforms) = postSolution
		{A3E0A179-2D81-4CD7-9A98-DF2E8CF16BB3}.Debug|Any CPU.ActiveCfg = Debug|Any CPU
		{A3E0A179-2D81-4CD7-9A98-DF2E8CF16BB3}.Debug|Any CPU.Build.0 = Debug|Any CPU
		{A3E0A179-2D81-4CD7-9A98-DF2E8CF16BB3}.Release|Any CPU.ActiveCfg = Release|Any CPU
		{A3E0A179-2D81-4CD7-9A98-DF2E8CF16BB3}.Release|Any CPU.Build.0 = Release|Any CPU
	EndGlobalSection
	GlobalSection(SolutionProperties) = preSolution
		HideSolutionNode = FALSE
	EndGlobalSection
	GlobalSection(ExtensibilityGlobals) = postSolution
		SolutionGuid = {238D3762-D56B-482D-92F5-46DDF15FDFB3}
	EndGlobalSection
EndGlobal
